# THIS IS AN AUTOGENERATED FILE. DO NOT EDIT THIS FILE DIRECTLY.
# yarn lockfile v1


vue-element-ui-expand@^0.9.1:
  version "0.9.1"
  resolved "https://registry.yarnpkg.com/vue-element-ui-expand/-/vue-element-ui-expand-0.9.1.tgz#98a96b423233e9322a0f10a44a4c4e249d262f50"
  integrity sha512-NTaYCWoSvj5jGU7tqlBbDG3iWGov32mXXet0e7heYumarli1CxB9OG4EdjVjup/5GK2qJqIf7pSyvwiFn6r+TA==
